
Microsoft Visual Studio Solution File, Format Version 12.00
# Visual Studio Version 17
VisualStudioVersion = 17.7.34031.279
MinimumVisualStudioVersion = 10.0.40219.1
Project("{FAE04EC0-301F-11D3-BF4B-00C04F79EFBC}") = "LanchoNet", "LanchoNet\LanchoNet.csproj", "{2F53CB32-99BB-4106-B203-2376EC7F2A1E}"
	ProjectSection(ProjectDependencies) = postProject
		{426AA24C-3229-4892-9BCC-5BBE57CED858} = {426AA24C-3229-4892-9BCC-5BBE57CED858}
	EndProjectSection
EndProject
Project("{FAE04EC0-301F-11D3-BF4B-00C04F79EFBC}") = "Entidades", "Entidades\Entidades.csproj", "{1D3148F5-B3D6-48D9-8EFF-3BAA91F4CF66}"
EndProject
Project("{FAE04EC0-301F-11D3-BF4B-00C04F79EFBC}") = "Controllers", "Controllers\Controllers.csproj", "{426AA24C-3229-4892-9BCC-5BBE57CED858}"
	ProjectSection(ProjectDependencies) = postProject
		{1D3148F5-B3D6-48D9-8EFF-3BAA91F4CF66} = {1D3148F5-B3D6-48D9-8EFF-3BAA91F4CF66}
	EndProjectSection
EndProject
Project("{FAE04EC0-301F-11D3-BF4B-00C04F79EFBC}") = "Negocios", "Negocios\Negocios.csproj", "{26E80069-06AF-4D00-962B-FBE4271146DF}"
EndProject
Global
	GlobalSection(SolutionConfigurationPlatforms) = preSolution
		Debug|Any CPU = Debug|Any CPU
		Release|Any CPU = Release|Any CPU
	EndGlobalSection
	GlobalSection(ProjectConfigurationPlatforms) = postSolution
		{2F53CB32-99BB-4106-B203-2376EC7F2A1E}.Debug|Any CPU.ActiveCfg = Debug|Any CPU
		{2F53CB32-99BB-4106-B203-2376EC7F2A1E}.Debug|Any CPU.Build.0 = Debug|Any CPU
		{2F53CB32-99BB-4106-B203-2376EC7F2A1E}.Release|Any CPU.ActiveCfg = Release|Any CPU
		{2F53CB32-99BB-4106-B203-2376EC7F2A1E}.Release|Any CPU.Build.0 = Release|Any CPU
		{1D3148F5-B3D6-48D9-8EFF-3BAA91F4CF66}.Debug|Any CPU.ActiveCfg = Debug|Any CPU
		{1D3148F5-B3D6-48D9-8EFF-3BAA91F4CF66}.Debug|Any CPU.Build.0 = Debug|Any CPU
		{1D3148F5-B3D6-48D9-8EFF-3BAA91F4CF66}.Release|Any CPU.ActiveCfg = Release|Any CPU
		{1D3148F5-B3D6-48D9-8EFF-3BAA91F4CF66}.Release|Any CPU.Build.0 = Release|Any CPU
		{426AA24C-3229-4892-9BCC-5BBE57CED858}.Debug|Any CPU.ActiveCfg = Debug|Any CPU
		{426AA24C-3229-4892-9BCC-5BBE57CED858}.Debug|Any CPU.Build.0 = Debug|Any CPU
		{426AA24C-3229-4892-9BCC-5BBE57CED858}.Release|Any CPU.ActiveCfg = Release|Any CPU
		{426AA24C-3229-4892-9BCC-5BBE57CED858}.Release|Any CPU.Build.0 = Release|Any CPU
		{26E80069-06AF-4D00-962B-FBE4271146DF}.Debug|Any CPU.ActiveCfg = Debug|Any CPU
		{26E80069-06AF-4D00-962B-FBE4271146DF}.Debug|Any CPU.Build.0 = Debug|Any CPU
		{26E80069-06AF-4D00-962B-FBE4271146DF}.Release|Any CPU.ActiveCfg = Release|Any CPU
		{26E80069-06AF-4D00-962B-FBE4271146DF}.Release|Any CPU.Build.0 = Release|Any CPU
	EndGlobalSection
	GlobalSection(SolutionProperties) = preSolution
		HideSolutionNode = FALSE
	EndGlobalSection
	GlobalSection(ExtensibilityGlobals) = postSolution
		SolutionGuid = {6CB504FC-69D4-4475-998F-96D5FA3B1121}
	EndGlobalSection
EndGlobal
